{
  "name": "git-time-machine",
  "version": "1.5.9",
  "lockfileVersion": 1,
  "requires": true,
  "dependencies": {
    "atom-package-deps": {
      "version": "4.6.2",
      "resolved": "https://registry.npmjs.org/atom-package-deps/-/atom-package-deps-4.6.2.tgz",
      "integrity": "sha512-GOcCULZPzpcFfnHo9Oz5fT/EaArFHNs84E4rp/Nox0/GlS1UYkEF44FRdgD+7TxAudRfQAXE0a8wh0GealCXZg==",
      "requires": {
        "atom-package-path": "1.1.0",
        "sb-fs": "3.0.0",
        "semver": "5.5.0"
      }
    },
    "atom-package-path": {
      "version": "1.1.0",
      "resolved": "https://registry.npmjs.org/atom-package-path/-/atom-package-path-1.1.0.tgz",
      "integrity": "sha1-tR/tvADnyM5SI9DYA9t6P09pYU8=",
      "requires": {
        "sb-callsite": "1.1.2"
      }
    },
    "atom-space-pen-views": {
      "version": "2.2.0",
      "resolved": "https://registry.npmjs.org/atom-space-pen-views/-/atom-space-pen-views-2.2.0.tgz",
      "integrity": "sha1-plsskg7QL3JAFPp9Plw9ePv1mZc=",
      "requires": {
        "fuzzaldrin": "2.1.0",
        "space-pen": "5.1.2"
      },
      "dependencies": {
        "fuzzaldrin": {
          "version": "2.1.0",
          "resolved": "https://registry.npmjs.org/fuzzaldrin/-/fuzzaldrin-2.1.0.tgz",
          "integrity": "sha1-kCBMPi/appQbso0WZF1BgGOpDps="
        },
        "space-pen": {
          "version": "5.1.2",
          "resolved": "https://registry.npmjs.org/space-pen/-/space-pen-5.1.2.tgz",
          "integrity": "sha1-Ivu+EOCwROe3pHsCPamdlLWE748=",
          "requires": {
            "grim": "1.5.0",
            "jquery": "2.1.4",
            "underscore-plus": "1.6.6"
          },
          "dependencies": {
            "grim": {
              "version": "1.5.0",
              "resolved": "https://registry.npmjs.org/grim/-/grim-1.5.0.tgz",
              "integrity": "sha1-sysI71Z88YUvgXWe2caLDXE5ajI=",
              "requires": {
                "emissary": "1.3.3"
              },
              "dependencies": {
                "emissary": {
                  "version": "1.3.3",
                  "resolved": "https://registry.npmjs.org/emissary/-/emissary-1.3.3.tgz",
                  "integrity": "sha1-phjZLWgrIy0xER3DYlpd9mF5lgY=",
                  "requires": {
                    "es6-weak-map": "0.1.4",
                    "mixto": "1.0.0",
                    "property-accessors": "1.1.3",
                    "underscore-plus": "1.6.6"
                  },
                  "dependencies": {
                    "es6-weak-map": {
                      "version": "0.1.4",
                      "resolved": "https://registry.npmjs.org/es6-weak-map/-/es6-weak-map-0.1.4.tgz",
                      "integrity": "sha1-cGzvnpmqI2undmwjnIueKG6n0ig=",
                      "requires": {
                        "d": "0.1.1",
                        "es5-ext": "0.10.12",
                        "es6-iterator": "0.1.3",
                        "es6-symbol": "2.0.1"
                      },
                      "dependencies": {
                        "d": {
                          "version": "0.1.1",
                          "resolved": "https://registry.npmjs.org/d/-/d-0.1.1.tgz",
                          "integrity": "sha1-2hhMU10Y2O57oqoim5FACfrhEwk=",
                          "requires": {
                            "es5-ext": "0.10.12"
                          }
                        },
                        "es5-ext": {
                          "version": "0.10.12",
                          "resolved": "https://registry.npmjs.org/es5-ext/-/es5-ext-0.10.12.tgz",
                          "integrity": "sha1-qoRkHU23a2Krul5F/YBey6sUAEc=",
                          "requires": {
                            "es6-iterator": "2.0.0",
                            "es6-symbol": "3.1.0"
                          },
                          "dependencies": {
                            "es6-iterator": {
                              "version": "2.0.0",
                              "resolved": "https://registry.npmjs.org/es6-iterator/-/es6-iterator-2.0.0.tgz",
                              "integrity": "sha1-vZaFZ9YWNeM8C4BydhPJy0sJa6w=",
                              "requires": {
                                "d": "0.1.1",
                                "es5-ext": "0.10.12",
                                "es6-symbol": "3.1.0"
                              }
                            },
                            "es6-symbol": {
                              "version": "3.1.0",
                              "resolved": "https://registry.npmjs.org/es6-symbol/-/es6-symbol-3.1.0.tgz",
                              "integrity": "sha1-lEgcZV56fK2C66gy2X1UM0ltf/o=",
                              "requires": {
                                "d": "0.1.1",
                                "es5-ext": "0.10.12"
                              }
                            }
                          }
                        },
                        "es6-iterator": {
                          "version": "0.1.3",
                          "resolved": "https://registry.npmjs.org/es6-iterator/-/es6-iterator-0.1.3.tgz",
                          "integrity": "sha1-1vWLjE/EE8JJtLqhl2j45NfIlE4=",
                          "requires": {
                            "d": "0.1.1",
                            "es5-ext": "0.10.12",
                            "es6-symbol": "2.0.1"
                          }
                        },
                        "es6-symbol": {
                          "version": "2.0.1",
                          "resolved": "https://registry.npmjs.org/es6-symbol/-/es6-symbol-2.0.1.tgz",
                          "integrity": "sha1-dhtcZ8/U8dGK+yNPaR1nhoLLO/M=",
                          "requires": {
                            "d": "0.1.1",
                            "es5-ext": "0.10.12"
                          }
                        }
                      }
                    },
                    "mixto": {
                      "version": "1.0.0",
                      "resolved": "https://registry.npmjs.org/mixto/-/mixto-1.0.0.tgz",
                      "integrity": "sha1-wyDvYbUvKJj1IuF9i7xtUG2EJbY="
                    },
                    "property-accessors": {
                      "version": "1.1.3",
                      "resolved": "https://registry.npmjs.org/property-accessors/-/property-accessors-1.1.3.tgz",
                      "integrity": "sha1-Hd6EAkYxhlkJ7zBwM2VoDF+SixU=",
                      "requires": {
                        "es6-weak-map": "0.1.4",
                        "mixto": "1.0.0"
                      }
                    }
                  }
                }
              }
            },
            "jquery": {
              "version": "2.1.4",
              "resolved": "https://registry.npmjs.org/jquery/-/jquery-2.1.4.tgz",
              "integrity": "sha1-IoveaYoMYUMdwmMKahVPFYkNIxc="
            }
          }
        }
      }
    },
    "bumble-strings": {
      "version": "0.4.1",
      "resolved": "https://registry.npmjs.org/bumble-strings/-/bumble-strings-0.4.1.tgz",
      "integrity": "sha1-1Cu55P8+t4enS1MRzVPn7oBIVhQ=",
      "requires": {
        "underscore": "1.8.3"
      },
      "dependencies": {
        "underscore": {
          "version": "1.8.3",
          "resolved": "https://registry.npmjs.org/underscore/-/underscore-1.8.3.tgz",
          "integrity": "sha1-Tz+1OxBuYJf8+ctBCfKl6b36UCI="
        }
      }
    },
    "d3": {
      "version": "3.5.6",
      "resolved": "https://registry.npmjs.org/d3/-/d3-3.5.6.tgz",
      "integrity": "sha1-lFHGUcpzP7lnLIH7fyZVFkpzpC0="
    },
    "git-log-utils": {
      "version": "0.2.3",
      "resolved": "https://registry.npmjs.org/git-log-utils/-/git-log-utils-0.2.3.tgz",
      "integrity": "sha1-RQJCe+6uuNIIwQtjcnq8UBl/RYs=",
      "requires": {
        "underscore": "1.8.3"
      },
      "dependencies": {
        "underscore": {
          "version": "1.8.3",
          "resolved": "https://registry.npmjs.org/underscore/-/underscore-1.8.3.tgz",
          "integrity": "sha1-Tz+1OxBuYJf8+ctBCfKl6b36UCI="
        }
      }
    },
    "is-utf8": {
      "version": "0.2.1",
      "resolved": "https://registry.npmjs.org/is-utf8/-/is-utf8-0.2.1.tgz",
      "integrity": "sha1-Sw2hRCEE0bM2NA6AeX6GXPOffXI="
    },
    "moment": {
      "version": "2.20.1",
      "resolved": "https://registry.npmjs.org/moment/-/moment-2.20.1.tgz",
      "integrity": "sha512-Yh9y73JRljxW5QxN08Fner68eFLxM5ynNOAw2LbIB1YAGeQzZT8QFSUvkAz609Zf+IHhhaUxqZK8dG3W/+HEvg=="
    },
    "sb-callsite": {
      "version": "1.1.2",
      "resolved": "https://registry.npmjs.org/sb-callsite/-/sb-callsite-1.1.2.tgz",
      "integrity": "sha1-KBkftm1k46PukghKlakPy1ECJDs="
    },
    "sb-fs": {
      "version": "3.0.0",
      "resolved": "https://registry.npmjs.org/sb-fs/-/sb-fs-3.0.0.tgz",
      "integrity": "sha1-+9zdMBDoChuOJ0kM7zNgZJdCA7g=",
      "requires": {
        "sb-promisify": "2.0.2",
        "strip-bom-buf": "1.0.0"
      }
    },
    "sb-promisify": {
      "version": "2.0.2",
      "resolved": "https://registry.npmjs.org/sb-promisify/-/sb-promisify-2.0.2.tgz",
      "integrity": "sha1-QnelR1RIiqlnXYhuNU24lMm9yYE="
    },
    "semver": {
      "version": "5.5.0",
      "resolved": "https://registry.npmjs.org/semver/-/semver-5.5.0.tgz",
      "integrity": "sha512-4SJ3dm0WAwWy/NVeioZh5AntkdJoWKxHxcmyP622fOkgHa4z3R0TdBJICINyaSDE6uNwVc8gZr+ZinwZAH4xIA=="
    },
    "strip-bom-buf": {
      "version": "1.0.0",
      "resolved": "https://registry.npmjs.org/strip-bom-buf/-/strip-bom-buf-1.0.0.tgz",
      "integrity": "sha1-HLRar1dTD0yvhsf3UXnSyaUd1XI=",
      "requires": {
        "is-utf8": "0.2.1"
      }
    },
    "underscore-plus": {
      "version": "1.6.6",
      "resolved": "https://registry.npmjs.org/underscore-plus/-/underscore-plus-1.6.6.tgz",
      "integrity": "sha1-ZezeG9xEGjXYnmUP1w3PE65Dmn0=",
      "requires": {
        "underscore": "1.6.0"
      },
      "dependencies": {
        "underscore": {
          "version": "1.6.0",
          "resolved": "https://registry.npmjs.org/underscore/-/underscore-1.6.0.tgz",
          "integrity": "sha1-izixDKze9jM3uLJOT/htRa6lKag="
        }
      }
    }
  }
}
